// !$*UTF8*$!
{
	archiveVersion = 1;
	classes = {
	};
	objectVersion = 46;
	objects = {

/* Begin PBXBuildFile section */
		E806A9011E3A34B80083F4D1 /* MapKit.framework in Frameworks */ = {isa = PBXBuildFile; fileRef = E806A9001E3A34B80083F4D1 /* MapKit.framework */; };
		E807DDFA1E3B8D220050D724 /* Tags.swift in Sources */ = {isa = PBXBuildFile; fileRef = E807DDF91E3B8D220050D724 /* Tags.swift */; };
		E838BF4F1E3CFC4F00FB18FE /* MapNib.xib in Resources */ = {isa = PBXBuildFile; fileRef = E838BF4E1E3CFC4F00FB18FE /* MapNib.xib */; };
		E84066D91E3CC43800B13BE6 /* SearchLocationViewController.swift in Sources */ = {isa = PBXBuildFile; fileRef = E84066D81E3CC43800B13BE6 /* SearchLocationViewController.swift */; };
		E843B1BB1E3F832800B62E11 /* Reachability.m in Sources */ = {isa = PBXBuildFile; fileRef = E843B1BA1E3F832800B62E11 /* Reachability.m */; };
		E87288FA1E3E657000601E2D /* Assets.xcassets in Resources */ = {isa = PBXBuildFile; fileRef = E87288F91E3E657000601E2D /* Assets.xcassets */; };
		E892127C1E378C0D0075A2F5 /* MapViewController.swift in Sources */ = {isa = PBXBuildFile; fileRef = E892127B1E378C0D0075A2F5 /* MapViewController.swift */; };
		E892127F1E37A18B0075A2F5 /* GCDBlackBox.swift in Sources */ = {isa = PBXBuildFile; fileRef = E892127E1E37A18B0075A2F5 /* GCDBlackBox.swift */; };
		E8A905B31E2A56AD0065EBD7 /* FQConstants.swift in Sources */ = {isa = PBXBuildFile; fileRef = E8A905B21E2A56AD0065EBD7 /* FQConstants.swift */; };
		E8AF77EA1E3FB2C2006C7E11 /* BorderButton.swift in Sources */ = {isa = PBXBuildFile; fileRef = E8AF77E91E3FB2C2006C7E11 /* BorderButton.swift */; };
		E8BF7D8F1E2A19AB0074B392 /* AppDelegate.swift in Sources */ = {isa = PBXBuildFile; fileRef = E8BF7D8E1E2A19AB0074B392 /* AppDelegate.swift */; };
		E8BF7D911E2A19AB0074B392 /* LoginViewController.swift in Sources */ = {isa = PBXBuildFile; fileRef = E8BF7D901E2A19AB0074B392 /* LoginViewController.swift */; };
		E8BF7D941E2A19AB0074B392 /* Main.storyboard in Resources */ = {isa = PBXBuildFile; fileRef = E8BF7D921E2A19AB0074B392 /* Main.storyboard */; };
		E8BF7D991E2A19AB0074B392 /* LaunchScreen.storyboard in Resources */ = {isa = PBXBuildFile; fileRef = E8BF7D971E2A19AB0074B392 /* LaunchScreen.storyboard */; };
		E8BF7DA41E2A19AB0074B392 /* PlacesTests.swift in Sources */ = {isa = PBXBuildFile; fileRef = E8BF7DA31E2A19AB0074B392 /* PlacesTests.swift */; };
		E8BF7DAF1E2A19AC0074B392 /* PlacesUITests.swift in Sources */ = {isa = PBXBuildFile; fileRef = E8BF7DAE1E2A19AC0074B392 /* PlacesUITests.swift */; };
		E8BF7DC31E2A22C70074B392 /* FQClient.swift in Sources */ = {isa = PBXBuildFile; fileRef = E8BF7DC21E2A22C70074B392 /* FQClient.swift */; };
		E8D399781E2B6E2400A179E1 /* FQConvenience.swift in Sources */ = {isa = PBXBuildFile; fileRef = E8D399771E2B6E2400A179E1 /* FQConvenience.swift */; };
		E8D3997A1E2B76E800A179E1 /* FQVenue.swift in Sources */ = {isa = PBXBuildFile; fileRef = E8D399791E2B76E800A179E1 /* FQVenue.swift */; };
		E8EA90CC1E33D6A300922659 /* OauthViewcontroller.swift in Sources */ = {isa = PBXBuildFile; fileRef = E8EA90CB1E33D6A300922659 /* OauthViewcontroller.swift */; };
		E8EA90D01E33E4A200922659 /* URLExtension.swift in Sources */ = {isa = PBXBuildFile; fileRef = E8EA90CF1E33E4A200922659 /* URLExtension.swift */; };
		E8ED20601E3A69680035E413 /* TableViewController.swift in Sources */ = {isa = PBXBuildFile; fileRef = E8ED205F1E3A69680035E413 /* TableViewController.swift */; };
/* End PBXBuildFile section */

/* Begin PBXContainerItemProxy section */
		E8BF7DA01E2A19AB0074B392 /* PBXContainerItemProxy */ = {
			isa = PBXContainerItemProxy;
			containerPortal = E8BF7D831E2A19AA0074B392 /* Project object */;
			proxyType = 1;
			remoteGlobalIDString = E8BF7D8A1E2A19AA0074B392;
			remoteInfo = Places;
		};
		E8BF7DAB1E2A19AC0074B392 /* PBXContainerItemProxy */ = {
			isa = PBXContainerItemProxy;
			containerPortal = E8BF7D831E2A19AA0074B392 /* Project object */;
			proxyType = 1;
			remoteGlobalIDString = E8BF7D8A1E2A19AA0074B392;
			remoteInfo = Places;
		};
/* End PBXContainerItemProxy section */

/* Begin PBXFileReference section */
		E806A9001E3A34B80083F4D1 /* MapKit.framework */ = {isa = PBXFileReference; lastKnownFileType = wrapper.framework; name = MapKit.framework; path = System/Library/Frameworks/MapKit.framework; sourceTree = SDKROOT; };
		E807DDF91E3B8D220050D724 /* Tags.swift */ = {isa = PBXFileReference; fileEncoding = 4; lastKnownFileType = sourcecode.swift; path = Tags.swift; sourceTree = "<group>"; };
		E838BF4E1E3CFC4F00FB18FE /* MapNib.xib */ = {isa = PBXFileReference; fileEncoding = 4; lastKnownFileType = file.xib; path = MapNib.xib; sourceTree = "<group>"; };
		E84066D81E3CC43800B13BE6 /* SearchLocationViewController.swift */ = {isa = PBXFileReference; fileEncoding = 4; lastKnownFileType = sourcecode.swift; path = SearchLocationViewController.swift; sourceTree = "<group>"; };
		E843B1B81E3F832800B62E11 /* Places-Bridging-Header.h */ = {isa = PBXFileReference; lastKnownFileType = sourcecode.c.h; path = "Places-Bridging-Header.h"; sourceTree = "<group>"; };
		E843B1B91E3F832800B62E11 /* Reachability.h */ = {isa = PBXFileReference; fileEncoding = 4; lastKnownFileType = sourcecode.c.h; path = Reachability.h; sourceTree = "<group>"; };
		E843B1BA1E3F832800B62E11 /* Reachability.m */ = {isa = PBXFileReference; fileEncoding = 4; lastKnownFileType = sourcecode.c.objc; path = Reachability.m; sourceTree = "<group>"; };
		E87288F91E3E657000601E2D /* Assets.xcassets */ = {isa = PBXFileReference; lastKnownFileType = folder.assetcatalog; path = Assets.xcassets; sourceTree = "<group>"; };
		E892127B1E378C0D0075A2F5 /* MapViewController.swift */ = {isa = PBXFileReference; fileEncoding = 4; lastKnownFileType = sourcecode.swift; path = MapViewController.swift; sourceTree = "<group>"; };
		E892127E1E37A18B0075A2F5 /* GCDBlackBox.swift */ = {isa = PBXFileReference; fileEncoding = 4; lastKnownFileType = sourcecode.swift; path = GCDBlackBox.swift; sourceTree = "<group>"; };
		E8A905B21E2A56AD0065EBD7 /* FQConstants.swift */ = {isa = PBXFileReference; fileEncoding = 4; lastKnownFileType = sourcecode.swift; path = FQConstants.swift; sourceTree = "<group>"; };
		E8AF77E91E3FB2C2006C7E11 /* BorderButton.swift */ = {isa = PBXFileReference; fileEncoding = 4; lastKnownFileType = sourcecode.swift; path = BorderButton.swift; sourceTree = "<group>"; };
		E8BF7D8B1E2A19AB0074B392 /* Places.app */ = {isa = PBXFileReference; explicitFileType = wrapper.application; includeInIndex = 0; path = Places.app; sourceTree = BUILT_PRODUCTS_DIR; };
		E8BF7D8E1E2A19AB0074B392 /* AppDelegate.swift */ = {isa = PBXFileReference; lastKnownFileType = sourcecode.swift; path = AppDelegate.swift; sourceTree = "<group>"; };
		E8BF7D901E2A19AB0074B392 /* LoginViewController.swift */ = {isa = PBXFileReference; lastKnownFileType = sourcecode.swift; path = LoginViewController.swift; sourceTree = "<group>"; };
		E8BF7D931E2A19AB0074B392 /* Base */ = {isa = PBXFileReference; lastKnownFileType = file.storyboard; name = Base; path = Base.lproj/Main.storyboard; sourceTree = "<group>"; };
		E8BF7D981E2A19AB0074B392 /* Base */ = {isa = PBXFileReference; lastKnownFileType = file.storyboard; name = Base; path = Base.lproj/LaunchScreen.storyboard; sourceTree = "<group>"; };
		E8BF7D9A1E2A19AB0074B392 /* Info.plist */ = {isa = PBXFileReference; lastKnownFileType = text.plist.xml; path = Info.plist; sourceTree = "<group>"; };
		E8BF7D9F1E2A19AB0074B392 /* PlacesTests.xctest */ = {isa = PBXFileReference; explicitFileType = wrapper.cfbundle; includeInIndex = 0; path = PlacesTests.xctest; sourceTree = BUILT_PRODUCTS_DIR; };
		E8BF7DA31E2A19AB0074B392 /* PlacesTests.swift */ = {isa = PBXFileReference; lastKnownFileType = sourcecode.swift; path = PlacesTests.swift; sourceTree = "<group>"; };
		E8BF7DA51E2A19AB0074B392 /* Info.plist */ = {isa = PBXFileReference; lastKnownFileType = text.plist.xml; path = Info.plist; sourceTree = "<group>"; };
		E8BF7DAA1E2A19AC0074B392 /* PlacesUITests.xctest */ = {isa = PBXFileReference; explicitFileType = wrapper.cfbundle; includeInIndex = 0; path = PlacesUITests.xctest; sourceTree = BUILT_PRODUCTS_DIR; };
		E8BF7DAE1E2A19AC0074B392 /* PlacesUITests.swift */ = {isa = PBXFileReference; lastKnownFileType = sourcecode.swift; path = PlacesUITests.swift; sourceTree = "<group>"; };
		E8BF7DB01E2A19AC0074B392 /* Info.plist */ = {isa = PBXFileReference; lastKnownFileType = text.plist.xml; path = Info.plist; sourceTree = "<group>"; };
		E8BF7DC21E2A22C70074B392 /* FQClient.swift */ = {isa = PBXFileReference; fileEncoding = 4; lastKnownFileType = sourcecode.swift; path = FQClient.swift; sourceTree = "<group>"; };
		E8D399771E2B6E2400A179E1 /* FQConvenience.swift */ = {isa = PBXFileReference; fileEncoding = 4; lastKnownFileType = sourcecode.swift; path = FQConvenience.swift; sourceTree = "<group>"; };
		E8D399791E2B76E800A179E1 /* FQVenue.swift */ = {isa = PBXFileReference; fileEncoding = 4; lastKnownFileType = sourcecode.swift; path = FQVenue.swift; sourceTree = "<group>"; };
		E8EA90CB1E33D6A300922659 /* OauthViewcontroller.swift */ = {isa = PBXFileReference; fileEncoding = 4; lastKnownFileType = sourcecode.swift; path = OauthViewcontroller.swift; sourceTree = "<group>"; };
		E8EA90CF1E33E4A200922659 /* URLExtension.swift */ = {isa = PBXFileReference; fileEncoding = 4; lastKnownFileType = sourcecode.swift; path = URLExtension.swift; sourceTree = "<group>"; };
		E8ED205F1E3A69680035E413 /* TableViewController.swift */ = {isa = PBXFileReference; fileEncoding = 4; lastKnownFileType = sourcecode.swift; path = TableViewController.swift; sourceTree = "<group>"; };
/* End PBXFileReference section */

/* Begin PBXFrameworksBuildPhase section */
		E8BF7D881E2A19AA0074B392 /* Frameworks */ = {
			isa = PBXFrameworksBuildPhase;
			buildActionMask = 2147483647;
			files = (
				E806A9011E3A34B80083F4D1 /* MapKit.framework in Frameworks */,
			);
			runOnlyForDeploymentPostprocessing = 0;
		};
		E8BF7D9C1E2A19AB0074B392 /* Frameworks */ = {
			isa = PBXFrameworksBuildPhase;
			buildActionMask = 2147483647;
			files = (
			);
			runOnlyForDeploymentPostprocessing = 0;
		};
		E8BF7DA71E2A19AC0074B392 /* Frameworks */ = {
			isa = PBXFrameworksBuildPhase;
			buildActionMask = 2147483647;
			files = (
			);
			runOnlyForDeploymentPostprocessing = 0;
		};
/* End PBXFrameworksBuildPhase section */

/* Begin PBXGroup section */
		E806A8FF1E3A34B80083F4D1 /* Frameworks */ = {
			isa = PBXGroup;
			children = (
				E806A9001E3A34B80083F4D1 /* MapKit.framework */,
			);
			name = Frameworks;
			sourceTree = "<group>";
		};
		E807DDF81E3B8D0A0050D724 /* Enums */ = {
			isa = PBXGroup;
			children = (
				E807DDF91E3B8D220050D724 /* Tags.swift */,
			);
			name = Enums;
			sourceTree = "<group>";
		};
		E843B1BC1E3F837800B62E11 /* NetworkReachability */ = {
			isa = PBXGroup;
			children = (
				E843B1B91E3F832800B62E11 /* Reachability.h */,
				E843B1BA1E3F832800B62E11 /* Reachability.m */,
			);
			name = NetworkReachability;
			sourceTree = "<group>";
		};
		E892127D1E37A16B0075A2F5 /* Utilities */ = {
			isa = PBXGroup;
			children = (
				E892127E1E37A18B0075A2F5 /* GCDBlackBox.swift */,
			);
			name = Utilities;
			sourceTree = "<group>";
		};
		E8BF7D821E2A19AA0074B392 = {
			isa = PBXGroup;
			children = (
				E8BF7D8D1E2A19AB0074B392 /* Places */,
				E8BF7DA21E2A19AB0074B392 /* PlacesTests */,
				E8BF7DAD1E2A19AC0074B392 /* PlacesUITests */,
				E8BF7D8C1E2A19AB0074B392 /* Products */,
				E806A8FF1E3A34B80083F4D1 /* Frameworks */,
			);
			sourceTree = "<group>";
		};
		E8BF7D8C1E2A19AB0074B392 /* Products */ = {
			isa = PBXGroup;
			children = (
				E8BF7D8B1E2A19AB0074B392 /* Places.app */,
				E8BF7D9F1E2A19AB0074B392 /* PlacesTests.xctest */,
				E8BF7DAA1E2A19AC0074B392 /* PlacesUITests.xctest */,
			);
			name = Products;
			sourceTree = "<group>";
		};
		E8BF7D8D1E2A19AB0074B392 /* Places */ = {
			isa = PBXGroup;
			children = (
				E8BF7DBF1E2A21D30074B392 /* Model */,
				E8BF7DBE1E2A21C10074B392 /* View */,
				E8BF7DBD1E2A1FFF0074B392 /* Controller */,
				E8BF7D8E1E2A19AB0074B392 /* AppDelegate.swift */,
				E8BF7D921E2A19AB0074B392 /* Main.storyboard */,
				E8BF7D971E2A19AB0074B392 /* LaunchScreen.storyboard */,
				E87288F91E3E657000601E2D /* Assets.xcassets */,
				E8BF7D9A1E2A19AB0074B392 /* Info.plist */,
				E843B1B81E3F832800B62E11 /* Places-Bridging-Header.h */,
			);
			path = Places;
			sourceTree = "<group>";
		};
		E8BF7DA21E2A19AB0074B392 /* PlacesTests */ = {
			isa = PBXGroup;
			children = (
				E8BF7DA31E2A19AB0074B392 /* PlacesTests.swift */,
				E8BF7DA51E2A19AB0074B392 /* Info.plist */,
			);
			path = PlacesTests;
			sourceTree = "<group>";
		};
		E8BF7DAD1E2A19AC0074B392 /* PlacesUITests */ = {
			isa = PBXGroup;
			children = (
				E8BF7DAE1E2A19AC0074B392 /* PlacesUITests.swift */,
				E8BF7DB01E2A19AC0074B392 /* Info.plist */,
			);
			path = PlacesUITests;
			sourceTree = "<group>";
		};
		E8BF7DBD1E2A1FFF0074B392 /* Controller */ = {
			isa = PBXGroup;
			children = (
				E8BF7D901E2A19AB0074B392 /* LoginViewController.swift */,
				E892127B1E378C0D0075A2F5 /* MapViewController.swift */,
				E8ED205F1E3A69680035E413 /* TableViewController.swift */,
				E84066D81E3CC43800B13BE6 /* SearchLocationViewController.swift */,
			);
			name = Controller;
			sourceTree = "<group>";
		};
		E8BF7DBE1E2A21C10074B392 /* View */ = {
			isa = PBXGroup;
			children = (
				E838BF4E1E3CFC4F00FB18FE /* MapNib.xib */,
				E8AF77E91E3FB2C2006C7E11 /* BorderButton.swift */,
			);
			name = View;
			sourceTree = "<group>";
		};
		E8BF7DBF1E2A21D30074B392 /* Model */ = {
			isa = PBXGroup;
			children = (
				E843B1BC1E3F837800B62E11 /* NetworkReachability */,
				E807DDF81E3B8D0A0050D724 /* Enums */,
				E892127D1E37A16B0075A2F5 /* Utilities */,
				E8EA90CE1E33E48F00922659 /* Extension */,
				E8BF7DC01E2A21E50074B392 /* Client */,
			);
			name = Model;
			sourceTree = "<group>";
		};
		E8BF7DC01E2A21E50074B392 /* Client */ = {
			isa = PBXGroup;
			children = (
				E8BF7DC11E2A21F80074B392 /* FQ */,
			);
			name = Client;
			sourceTree = "<group>";
		};
		E8BF7DC11E2A21F80074B392 /* FQ */ = {
			isa = PBXGroup;
			children = (
				E8BF7DC21E2A22C70074B392 /* FQClient.swift */,
				E8A905B21E2A56AD0065EBD7 /* FQConstants.swift */,
				E8D399771E2B6E2400A179E1 /* FQConvenience.swift */,
				E8D399791E2B76E800A179E1 /* FQVenue.swift */,
				E8EA90CB1E33D6A300922659 /* OauthViewcontroller.swift */,
			);
			name = FQ;
			sourceTree = "<group>";
		};
		E8EA90CE1E33E48F00922659 /* Extension */ = {
			isa = PBXGroup;
			children = (
				E8EA90CF1E33E4A200922659 /* URLExtension.swift */,
			);
			name = Extension;
			sourceTree = "<group>";
		};
/* End PBXGroup section */

/* Begin PBXNativeTarget section */
		E8BF7D8A1E2A19AA0074B392 /* Places */ = {
			isa = PBXNativeTarget;
			buildConfigurationList = E8BF7DB31E2A19AC0074B392 /* Build configuration list for PBXNativeTarget "Places" */;
			buildPhases = (
				E8BF7D871E2A19AA0074B392 /* Sources */,
				E8BF7D881E2A19AA0074B392 /* Frameworks */,
				E8BF7D891E2A19AA0074B392 /* Resources */,
			);
			buildRules = (
			);
			dependencies = (
			);
			name = Places;
			productName = Places;
			productReference = E8BF7D8B1E2A19AB0074B392 /* Places.app */;
			productType = "com.apple.product-type.application";
		};
		E8BF7D9E1E2A19AB0074B392 /* PlacesTests */ = {
			isa = PBXNativeTarget;
			buildConfigurationList = E8BF7DB61E2A19AC0074B392 /* Build configuration list for PBXNativeTarget "PlacesTests" */;
			buildPhases = (
				E8BF7D9B1E2A19AB0074B392 /* Sources */,
				E8BF7D9C1E2A19AB0074B392 /* Frameworks */,
				E8BF7D9D1E2A19AB0074B392 /* Resources */,
			);
			buildRules = (
			);
			dependencies = (
				E8BF7DA11E2A19AB0074B392 /* PBXTargetDependency */,
			);
			name = PlacesTests;
			productName = PlacesTests;
			productReference = E8BF7D9F1E2A19AB0074B392 /* PlacesTests.xctest */;
			productType = "com.apple.product-type.bundle.unit-test";
		};
		E8BF7DA91E2A19AC0074B392 /* PlacesUITests */ = {
			isa = PBXNativeTarget;
			buildConfigurationList = E8BF7DB91E2A19AC0074B392 /* Build configuration list for PBXNativeTarget "PlacesUITests" */;
			buildPhases = (
				E8BF7DA61E2A19AC0074B392 /* Sources */,
				E8BF7DA71E2A19AC0074B392 /* Frameworks */,
				E8BF7DA81E2A19AC0074B392 /* Resources */,
			);
			buildRules = (
			);
			dependencies = (
				E8BF7DAC1E2A19AC0074B392 /* PBXTargetDependency */,
			);
			name = PlacesUITests;
			productName = PlacesUITests;
			productReference = E8BF7DAA1E2A19AC0074B392 /* PlacesUITests.xctest */;
			productType = "com.apple.product-type.bundle.ui-testing";
		};
/* End PBXNativeTarget section */

/* Begin PBXProject section */
		E8BF7D831E2A19AA0074B392 /* Project object */ = {
			isa = PBXProject;
			attributes = {
				LastSwiftUpdateCheck = 0820;
				LastUpgradeCheck = 0820;
				ORGANIZATIONNAME = "Juan Carlos Lopez";
				TargetAttributes = {
					E8BF7D8A1E2A19AA0074B392 = {
						CreatedOnToolsVersion = 8.2.1;
						LastSwiftMigration = 0820;
						ProvisioningStyle = Automatic;
						SystemCapabilities = {
							com.apple.Maps.iOS = {
								enabled = 0;
							};
						};
					};
					E8BF7D9E1E2A19AB0074B392 = {
						CreatedOnToolsVersion = 8.2.1;
						ProvisioningStyle = Automatic;
						TestTargetID = E8BF7D8A1E2A19AA0074B392;
					};
					E8BF7DA91E2A19AC0074B392 = {
						CreatedOnToolsVersion = 8.2.1;
						ProvisioningStyle = Automatic;
						TestTargetID = E8BF7D8A1E2A19AA0074B392;
					};
				};
			};
			buildConfigurationList = E8BF7D861E2A19AA0074B392 /* Build configuration list for PBXProject "Places" */;
			compatibilityVersion = "Xcode 3.2";
			developmentRegion = English;
			hasScannedForEncodings = 0;
			knownRegions = (
				en,
				Base,
			);
			mainGroup = E8BF7D821E2A19AA0074B392;
			productRefGroup = E8BF7D8C1E2A19AB0074B392 /* Products */;
			projectDirPath = "";
			projectRoot = "";
			targets = (
				E8BF7D8A1E2A19AA0074B392 /* Places */,
				E8BF7D9E1E2A19AB0074B392 /* PlacesTests */,
				E8BF7DA91E2A19AC0074B392 /* PlacesUITests */,
			);
		};
/* End PBXProject section */

/* Begin PBXResourcesBuildPhase section */
		E8BF7D891E2A19AA0074B392 /* Resources */ = {
			isa = PBXResourcesBuildPhase;
			buildActionMask = 2147483647;
			files = (
				E8BF7D991E2A19AB0074B392 /* LaunchScreen.storyboard in Resources */,
				E838BF4F1E3CFC4F00FB18FE /* MapNib.xib in Resources */,
				E87288FA1E3E657000601E2D /* Assets.xcassets in Resources */,
				E8BF7D941E2A19AB0074B392 /* Main.storyboard in Resources */,
			);
			runOnlyForDeploymentPostprocessing = 0;
		};
		E8BF7D9D1E2A19AB0074B392 /* Resources */ = {
			isa = PBXResourcesBuildPhase;
			buildActionMask = 2147483647;
			files = (
			);
			runOnlyForDeploymentPostprocessing = 0;
		};
		E8BF7DA81E2A19AC0074B392 /* Resources */ = {
			isa = PBXResourcesBuildPhase;
			buildActionMask = 2147483647;
			files = (
			);
			runOnlyForDeploymentPostprocessing = 0;
		};
/* End PBXResourcesBuildPhase section */

/* Begin PBXSourcesBuildPhase section */
		E8BF7D871E2A19AA0074B392 /* Sources */ = {
			isa = PBXSourcesBuildPhase;
			buildActionMask = 2147483647;
			files = (
				E892127F1E37A18B0075A2F5 /* GCDBlackBox.swift in Sources */,
				E8A905B31E2A56AD0065EBD7 /* FQConstants.swift in Sources */,
				E8D3997A1E2B76E800A179E1 /* FQVenue.swift in Sources */,
				E8D399781E2B6E2400A179E1 /* FQConvenience.swift in Sources */,
				E843B1BB1E3F832800B62E11 /* Reachability.m in Sources */,
				E807DDFA1E3B8D220050D724 /* Tags.swift in Sources */,
				E8AF77EA1E3FB2C2006C7E11 /* BorderButton.swift in Sources */,
				E8BF7DC31E2A22C70074B392 /* FQClient.swift in Sources */,
				E84066D91E3CC43800B13BE6 /* SearchLocationViewController.swift in Sources */,
				E892127C1E378C0D0075A2F5 /* MapViewController.swift in Sources */,
				E8ED20601E3A69680035E413 /* TableViewController.swift in Sources */,
				E8BF7D911E2A19AB0074B392 /* LoginViewController.swift in Sources */,
				E8EA90D01E33E4A200922659 /* URLExtension.swift in Sources */,
				E8EA90CC1E33D6A300922659 /* OauthViewcontroller.swift in Sources */,
				E8BF7D8F1E2A19AB0074B392 /* AppDelegate.swift in Sources */,
			);
			runOnlyForDeploymentPostprocessing = 0;
		};
		E8BF7D9B1E2A19AB0074B392 /* Sources */ = {
			isa = PBXSourcesBuildPhase;
			buildActionMask = 2147483647;
			files = (
				E8BF7DA41E2A19AB0074B392 /* PlacesTests.swift in Sources */,
			);
			runOnlyForDeploymentPostprocessing = 0;
		};
		E8BF7DA61E2A19AC0074B392 /* Sources */ = {
			isa = PBXSourcesBuildPhase;
			buildActionMask = 2147483647;
			files = (
				E8BF7DAF1E2A19AC0074B392 /* PlacesUITests.swift in Sources */,
			);
			runOnlyForDeploymentPostprocessing = 0;
		};
/* End PBXSourcesBuildPhase section */

/* Begin PBXTargetDependency section */
		E8BF7DA11E2A19AB0074B392 /* PBXTargetDependency */ = {
			isa = PBXTargetDependency;
			target = E8BF7D8A1E2A19AA0074B392 /* Places */;
			targetProxy = E8BF7DA01E2A19AB0074B392 /* PBXContainerItemProxy */;
		};
		E8BF7DAC1E2A19AC0074B392 /* PBXTargetDependency */ = {
			isa = PBXTargetDependency;
			target = E8BF7D8A1E2A19AA0074B392 /* Places */;
			targetProxy = E8BF7DAB1E2A19AC0074B392 /* PBXContainerItemProxy */;
		};
/* End PBXTargetDependency section */

/* Begin PBXVariantGroup section */
		E8BF7D921E2A19AB0074B392 /* Main.storyboard */ = {
			isa = PBXVariantGroup;
			children = (
				E8BF7D931E2A19AB0074B392 /* Base */,
			);
			name = Main.storyboard;
			sourceTree = "<group>";
		};
		E8BF7D971E2A19AB0074B392 /* LaunchScreen.storyboard */ = {
			isa = PBXVariantGroup;
			children = (
				E8BF7D981E2A19AB0074B392 /* Base */,
			);
			name = LaunchScreen.storyboard;
			sourceTree = "<group>";
		};
/* End PBXVariantGroup section */

/* Begin XCBuildConfiguration section */
		E8BF7DB11E2A19AC0074B392 /* Debug */ = {
			isa = XCBuildConfiguration;
			buildSettings = {
				ALWAYS_SEARCH_USER_PATHS = NO;
				CLANG_ANALYZER_NONNULL = YES;
				CLANG_CXX_LANGUAGE_STANDARD = "gnu++0x";
				CLANG_CXX_LIBRARY = "libc++";
				CLANG_ENABLE_MODULES = YES;
				CLANG_ENABLE_OBJC_ARC = YES;
				CLANG_WARN_BOOL_CONVERSION = YES;
				CLANG_WARN_CONSTANT_CONVERSION = YES;
				CLANG_WARN_DIRECT_OBJC_ISA_USAGE = YES_ERROR;
				CLANG_WARN_DOCUMENTATION_COMMENTS = YES;
				CLANG_WARN_EMPTY_BODY = YES;
				CLANG_WARN_ENUM_CONVERSION = YES;
				CLANG_WARN_INFINITE_RECURSION = YES;
				CLANG_WARN_INT_CONVERSION = YES;
				CLANG_WARN_OBJC_ROOT_CLASS = YES_ERROR;
				CLANG_WARN_SUSPICIOUS_MOVE = YES;
				CLANG_WARN_UNREACHABLE_CODE = YES;
				CLANG_WARN__DUPLICATE_METHOD_MATCH = YES;
				"CODE_SIGN_IDENTITY[sdk=iphoneos*]" = "iPhone Developer";
				COPY_PHASE_STRIP = NO;
				DEBUG_INFORMATION_FORMAT = dwarf;
				ENABLE_STRICT_OBJC_MSGSEND = YES;
				ENABLE_TESTABILITY = YES;
				GCC_C_LANGUAGE_STANDARD = gnu99;
				GCC_DYNAMIC_NO_PIC = NO;
				GCC_NO_COMMON_BLOCKS = YES;
				GCC_OPTIMIZATION_LEVEL = 0;
				GCC_PREPROCESSOR_DEFINITIONS = (
					"DEBUG=1",
					"$(inherited)",
				);
				GCC_WARN_64_TO_32_BIT_CONVERSION = YES;
				GCC_WARN_ABOUT_RETURN_TYPE = YES_ERROR;
				GCC_WARN_UNDECLARED_SELECTOR = YES;
				GCC_WARN_UNINITIALIZED_AUTOS = YES_AGGRESSIVE;
				GCC_WARN_UNUSED_FUNCTION = YES;
				GCC_WARN_UNUSED_VARIABLE = YES;
				IPHONEOS_DEPLOYMENT_TARGET = 10.2;
				MTL_ENABLE_DEBUG_INFO = YES;
				ONLY_ACTIVE_ARCH = YES;
				SDKROOT = iphoneos;
				SWIFT_ACTIVE_COMPILATION_CONDITIONS = DEBUG;
				SWIFT_OPTIMIZATION_LEVEL = "-Onone";
				TARGETED_DEVICE_FAMILY = "1,2";
			};
			name = Debug;
		};
		E8BF7DB21E2A19AC0074B392 /* Release */ = {
			isa = XCBuildConfiguration;
			buildSettings = {
				ALWAYS_SEARCH_USER_PATHS = NO;
				CLANG_ANALYZER_NONNULL = YES;
				CLANG_CXX_LANGUAGE_STANDARD = "gnu++0x";
				CLANG_CXX_LIBRARY = "libc++";
				CLANG_ENABLE_MODULES = YES;
				CLANG_ENABLE_OBJC_ARC = YES;
				CLANG_WARN_BOOL_CONVERSION = YES;
				CLANG_WARN_CONSTANT_CONVERSION = YES;
				CLANG_WARN_DIRECT_OBJC_ISA_USAGE = YES_ERROR;
				CLANG_WARN_DOCUMENTATION_COMMENTS = YES;
				CLANG_WARN_EMPTY_BODY = YES;
				CLANG_WARN_ENUM_CONVERSION = YES;
				CLANG_WARN_INFINITE_RECURSION = YES;
				CLANG_WARN_INT_CONVERSION = YES;
				CLANG_WARN_OBJC_ROOT_CLASS = YES_ERROR;
				CLANG_WARN_SUSPICIOUS_MOVE = YES;
				CLANG_WARN_UNREACHABLE_CODE = YES;
				CLANG_WARN__DUPLICATE_METHOD_MATCH = YES;
				"CODE_SIGN_IDENTITY[sdk=iphoneos*]" = "iPhone Developer";
				COPY_PHASE_STRIP = NO;
				DEBUG_INFORMATION_FORMAT = "dwarf-with-dsym";
				ENABLE_NS_ASSERTIONS = NO;
				ENABLE_STRICT_OBJC_MSGSEND = YES;
				GCC_C_LANGUAGE_STANDARD = gnu99;
				GCC_NO_COMMON_BLOCKS = YES;
				GCC_WARN_64_TO_32_BIT_CONVERSION = YES;
				GCC_WARN_ABOUT_RETURN_TYPE = YES_ERROR;
				GCC_WARN_UNDECLARED_SELECTOR = YES;
				GCC_WARN_UNINITIALIZED_AUTOS = YES_AGGRESSIVE;
				GCC_WARN_UNUSED_FUNCTION = YES;
				GCC_WARN_UNUSED_VARIABLE = YES;
				IPHONEOS_DEPLOYMENT_TARGET = 10.2;
				MTL_ENABLE_DEBUG_INFO = NO;
				SDKROOT = iphoneos;
				SWIFT_OPTIMIZATION_LEVEL = "-Owholemodule";
				TARGETED_DEVICE_FAMILY = "1,2";
				VALIDATE_PRODUCT = YES;
			};
			name = Release;
		};
		E8BF7DB41E2A19AC0074B392 /* Debug */ = {
			isa = XCBuildConfiguration;
			buildSettings = {
				ASSETCATALOG_COMPILER_APPICON_NAME = AppIcon;
				CLANG_ENABLE_MODULES = YES;
				INFOPLIST_FILE = Places/Info.plist;
				LD_RUNPATH_SEARCH_PATHS = "$(inherited) @executable_path/Frameworks";
				PRODUCT_BUNDLE_IDENTIFIER = com.bits.Places;
				PRODUCT_NAME = "$(TARGET_NAME)";
				SWIFT_OBJC_BRIDGING_HEADER = "Places/Places-Bridging-Header.h";
				SWIFT_OPTIMIZATION_LEVEL = "-Onone";
				SWIFT_VERSION = 3.0;
			};
			name = Debug;
		};
		E8BF7DB51E2A19AC0074B392 /* Release */ = {
			isa = XCBuildConfiguration;
			buildSettings = {
				ASSETCATALOG_COMPILER_APPICON_NAME = AppIcon;
				CLANG_ENABLE_MODULES = YES;
				INFOPLIST_FILE = Places/Info.plist;
				LD_RUNPATH_SEARCH_PATHS = "$(inherited) @executable_path/Frameworks";
				PRODUCT_BUNDLE_IDENTIFIER = com.bits.Places;
				PRODUCT_NAME = "$(TARGET_NAME)";
				SWIFT_OBJC_BRIDGING_HEADER = "Places/Places-Bridging-Header.h";
				SWIFT_VERSION = 3.0;
			};
			name = Release;
		};
		E8BF7DB71E2A19AC0074B392 /* Debug */ = {
			isa = XCBuildConfiguration;
			buildSettings = {
				ALWAYS_EMBED_SWIFT_STANDARD_LIBRARIES = YES;
				BUNDLE_LOADER = "$(TEST_HOST)";
				INFOPLIST_FILE = PlacesTests/Info.plist;
				LD_RUNPATH_SEARCH_PATHS = "$(inherited) @executable_path/Frameworks @loader_path/Frameworks";
				PRODUCT_BUNDLE_IDENTIFIER = com.bits.PlacesTests;
				PRODUCT_NAME = "$(TARGET_NAME)";
				SWIFT_VERSION = 3.0;
				TEST_HOST = "$(BUILT_PRODUCTS_DIR)/Places.app/Places";
			};
			name = Debug;
		};
		E8BF7DB81E2A19AC0074B392 /* Release */ = {
			isa = XCBuildConfiguration;
			buildSettings = {
				ALWAYS_EMBED_SWIFT_STANDARD_LIBRARIES = YES;
				BUNDLE_LOADER = "$(TEST_HOST)";
				INFOPLIST_FILE = PlacesTests/Info.plist;
				LD_RUNPATH_SEARCH_PATHS = "$(inherited) @executable_path/Frameworks @loader_path/Frameworks";
				PRODUCT_BUNDLE_IDENTIFIER = com.bits.PlacesTests;
				PRODUCT_NAME = "$(TARGET_NAME)";
				SWIFT_VERSION = 3.0;
				TEST_HOST = "$(BUILT_PRODUCTS_DIR)/Places.app/Places";
			};
			name = Release;
		};
		E8BF7DBA1E2A19AC0074B392 /* Debug */ = {
			isa = XCBuildConfiguration;
			buildSettings = {
				ALWAYS_EMBED_SWIFT_STANDARD_LIBRARIES = YES;
				INFOPLIST_FILE = PlacesUITests/Info.plist;
				LD_RUNPATH_SEARCH_PATHS = "$(inherited) @executable_path/Frameworks @loader_path/Frameworks";
				PRODUCT_BUNDLE_IDENTIFIER = com.bits.PlacesUITests;
				PRODUCT_NAME = "$(TARGET_NAME)";
				SWIFT_VERSION = 3.0;
				TEST_TARGET_NAME = Places;
			};
			name = Debug;
		};
		E8BF7DBB1E2A19AC0074B392 /* Release */ = {
			isa = XCBuildConfiguration;
			buildSettings = {
				ALWAYS_EMBED_SWIFT_STANDARD_LIBRARIES = YES;
				INFOPLIST_FILE = PlacesUITests/Info.plist;
				LD_RUNPATH_SEARCH_PATHS = "$(inherited) @executable_path/Frameworks @loader_path/Frameworks";
				PRODUCT_BUNDLE_IDENTIFIER = com.bits.PlacesUITests;
				PRODUCT_NAME = "$(TARGET_NAME)";
				SWIFT_VERSION = 3.0;
				TEST_TARGET_NAME = Places;
			};
			name = Release;
		};
/* End XCBuildConfiguration section */

/* Begin XCConfigurationList section */
		E8BF7D861E2A19AA0074B392 /* Build configuration list for PBXProject "Places" */ = {
			isa = XCConfigurationList;
			buildConfigurations = (
				E8BF7DB11E2A19AC0074B392 /* Debug */,
				E8BF7DB21E2A19AC0074B392 /* Release */,
			);
			defaultConfigurationIsVisible = 0;
			defaultConfigurationName = Release;
		};
		E8BF7DB31E2A19AC0074B392 /* Build configuration list for PBXNativeTarget "Places" */ = {
			isa = XCConfigurationList;
			buildConfigurations = (
				E8BF7DB41E2A19AC0074B392 /* Debug */,
				E8BF7DB51E2A19AC0074B392 /* Release */,
			);
			defaultConfigurationIsVisible = 0;
			defaultConfigurationName = Release;
		};
		E8BF7DB61E2A19AC0074B392 /* Build configuration list for PBXNativeTarget "PlacesTests" */ = {
			isa = XCConfigurationList;
			buildConfigurations = (
				E8BF7DB71E2A19AC0074B392 /* Debug */,
				E8BF7DB81E2A19AC0074B392 /* Release */,
			);
			defaultConfigurationIsVisible = 0;
			defaultConfigurationName = Release;
		};
		E8BF7DB91E2A19AC0074B392 /* Build configuration list for PBXNativeTarget "PlacesUITests" */ = {
			isa = XCConfigurationList;
			buildConfigurations = (
				E8BF7DBA1E2A19AC0074B392 /* Debug */,
				E8BF7DBB1E2A19AC0074B392 /* Release */,
			);
			defaultConfigurationIsVisible = 0;
			defaultConfigurationName = Release;
		};
/* End XCConfigurationList section */
	};
	rootObject = E8BF7D831E2A19AA0074B392 /* Project object */;
}
